
Microsoft Visual Studio Solution File, Format Version 12.00
# Visual Studio Version 17
VisualStudioVersion = 17.14.37111.16 d17.14
MinimumVisualStudioVersion = 10.0.40219.1
Project("{FAE04EC0-301F-11D3-BF4B-00C04F79EFBC}") = "CompanyApi", "CompanyApi\CompanyApi.csproj", "{58A41A6D-216E-45D3-A992-685EB2CEC469}"
EndProject
Global
	GlobalSection(SolutionConfigurationPlatforms) = preSolution
		Debug|Any CPU = Debug|Any CPU
		Release|Any CPU = Release|Any CPU
	EndGlobalSection
	GlobalSection(ProjectConfigurationPlatforms) = postSolution
		{58A41A6D-216E-45D3-A992-685EB2CEC469}.Debug|Any CPU.ActiveCfg = Debug|Any CPU
		{58A41A6D-216E-45D3-A992-685EB2CEC469}.Debug|Any CPU.Build.0 = Debug|Any CPU
		{58A41A6D-216E-45D3-A992-685EB2CEC469}.Release|Any CPU.ActiveCfg = Release|Any CPU
		{58A41A6D-216E-45D3-A992-685EB2CEC469}.Release|Any CPU.Build.0 = Release|Any CPU
	EndGlobalSection
	GlobalSection(SolutionProperties) = preSolution
		HideSolutionNode = FALSE
	EndGlobalSection
	GlobalSection(ExtensibilityGlobals) = postSolution
		SolutionGuid = {DF261D80-432D-4D9D-A4DE-9814DA4D66A3}
	EndGlobalSection
EndGlobal
